// !$*UTF8*$!
{
	archiveVersion = 1;
	classes = {
	};
	objectVersion = 46;
	objects = {

/* Begin PBXBuildFile section */
		415A85CF1CED367000CF9E4D /* AppDelegate.swift in Sources */ = {isa = PBXBuildFile; fileRef = 415A85CE1CED367000CF9E4D /* AppDelegate.swift */; };
		415A85D11CED367000CF9E4D /* ViewController.swift in Sources */ = {isa = PBXBuildFile; fileRef = 415A85D01CED367000CF9E4D /* ViewController.swift */; };
		415A85D41CED367000CF9E4D /* Main.storyboard in Resources */ = {isa = PBXBuildFile; fileRef = 415A85D21CED367000CF9E4D /* Main.storyboard */; };
		415A85D61CED367000CF9E4D /* Assets.xcassets in Resources */ = {isa = PBXBuildFile; fileRef = 415A85D51CED367000CF9E4D /* Assets.xcassets */; };
		415A85D91CED367000CF9E4D /* LaunchScreen.storyboard in Resources */ = {isa = PBXBuildFile; fileRef = 415A85D71CED367000CF9E4D /* LaunchScreen.storyboard */; };
		415A85E41CED367000CF9E4D /* BuddyBuildSampleProjectTests.swift in Sources */ = {isa = PBXBuildFile; fileRef = 415A85E31CED367000CF9E4D /* BuddyBuildSampleProjectTests.swift */; };
/* End PBXBuildFile section */

/* Begin PBXContainerItemProxy section */
		415A85E01CED367000CF9E4D /* PBXContainerItemProxy */ = {
			isa = PBXContainerItemProxy;
			containerPortal = 415A85C31CED367000CF9E4D /* Project object */;
			proxyType = 1;
			remoteGlobalIDString = 415A85CA1CED367000CF9E4D;
			remoteInfo = BuddyBuildSampleProject;
		};
/* End PBXContainerItemProxy section */

/* Begin PBXFileReference section */
		415A85CB1CED367000CF9E4D /* BuddyBuildSampleProject.app */ = {isa = PBXFileReference; explicitFileType = wrapper.application; includeInIndex = 0; path = BuddyBuildSampleProject.app; sourceTree = BUILT_PRODUCTS_DIR; };
		415A85CE1CED367000CF9E4D /* AppDelegate.swift */ = {isa = PBXFileReference; lastKnownFileType = sourcecode.swift; path = AppDelegate.swift; sourceTree = "<group>"; };
		415A85D01CED367000CF9E4D /* ViewController.swift */ = {isa = PBXFileReference; lastKnownFileType = sourcecode.swift; path = ViewController.swift; sourceTree = "<group>"; };
		415A85D31CED367000CF9E4D /* Base */ = {isa = PBXFileReference; lastKnownFileType = file.storyboard; name = Base; path = Base.lproj/Main.storyboard; sourceTree = "<group>"; };
		415A85D51CED367000CF9E4D /* Assets.xcassets */ = {isa = PBXFileReference; lastKnownFileType = folder.assetcatalog; path = Assets.xcassets; sourceTree = "<group>"; };
		415A85D81CED367000CF9E4D /* Base */ = {isa = PBXFileReference; lastKnownFileType = file.storyboard; name = Base; path = Base.lproj/LaunchScreen.storyboard; sourceTree = "<group>"; };
		415A85DA1CED367000CF9E4D /* Info.plist */ = {isa = PBXFileReference; lastKnownFileType = text.plist.xml; path = Info.plist; sourceTree = "<group>"; };
		415A85DF1CED367000CF9E4D /* BuddyBuildSampleProjectTests.xctest */ = {isa = PBXFileReference; explicitFileType = wrapper.cfbundle; includeInIndex = 0; path = BuddyBuildSampleProjectTests.xctest; sourceTree = BUILT_PRODUCTS_DIR; };
		415A85E31CED367000CF9E4D /* BuddyBuildSampleProjectTests.swift */ = {isa = PBXFileReference; lastKnownFileType = sourcecode.swift; path = BuddyBuildSampleProjectTests.swift; sourceTree = "<group>"; };
		415A85E51CED367000CF9E4D /* Info.plist */ = {isa = PBXFileReference; lastKnownFileType = text.plist.xml; path = Info.plist; sourceTree = "<group>"; };
/* End PBXFileReference section */

/* Begin PBXFrameworksBuildPhase section */
		415A85C81CED367000CF9E4D /* Frameworks */ = {
			isa = PBXFrameworksBuildPhase;
			buildActionMask = 2147483647;
			files = (
			);
			runOnlyForDeploymentPostprocessing = 0;
		};
		415A85DC1CED367000CF9E4D /* Frameworks */ = {
			isa = PBXFrameworksBuildPhase;
			buildActionMask = 2147483647;
			files = (
			);
			runOnlyForDeploymentPostprocessing = 0;
		};
/* End PBXFrameworksBuildPhase section */

/* Begin PBXGroup section */
		415A85C21CED367000CF9E4D = {
			isa = PBXGroup;
			children = (
				415A85CD1CED367000CF9E4D /* BuddyBuildSampleProject */,
				415A85E21CED367000CF9E4D /* BuddyBuildSampleProjectTests */,
				415A85CC1CED367000CF9E4D /* Products */,
			);
			sourceTree = "<group>";
		};
		415A85CC1CED367000CF9E4D /* Products */ = {
			isa = PBXGroup;
			children = (
				415A85CB1CED367000CF9E4D /* BuddyBuildSampleProject.app */,
				415A85DF1CED367000CF9E4D /* BuddyBuildSampleProjectTests.xctest */,
			);
			name = Products;
			sourceTree = "<group>";
		};
		415A85CD1CED367000CF9E4D /* BuddyBuildSampleProject */ = {
			isa = PBXGroup;
			children = (
				415A85CE1CED367000CF9E4D /* AppDelegate.swift */,
				415A85D01CED367000CF9E4D /* ViewController.swift */,
				415A85D21CED367000CF9E4D /* Main.storyboard */,
				415A85D51CED367000CF9E4D /* Assets.xcassets */,
				415A85D71CED367000CF9E4D /* LaunchScreen.storyboard */,
				415A85DA1CED367000CF9E4D /* Info.plist */,
			);
			path = BuddyBuildSampleProject;
			sourceTree = "<group>";
		};
		415A85E21CED367000CF9E4D /* BuddyBuildSampleProjectTests */ = {
			isa = PBXGroup;
			children = (
				415A85E31CED367000CF9E4D /* BuddyBuildSampleProjectTests.swift */,
				415A85E51CED367000CF9E4D /* Info.plist */,
			);
			path = BuddyBuildSampleProjectTests;
			sourceTree = "<group>";
		};
/* End PBXGroup section */

/* Begin PBXNativeTarget section */
		415A85CA1CED367000CF9E4D /* BuddyBuildSampleProject */ = {
			isa = PBXNativeTarget;
			buildConfigurationList = 415A85E81CED367000CF9E4D /* Build configuration list for PBXNativeTarget "BuddyBuildSampleProject" */;
			buildPhases = (
				415A85C71CED367000CF9E4D /* Sources */,
				415A85C81CED367000CF9E4D /* Frameworks */,
				415A85C91CED367000CF9E4D /* Resources */,
			);
			buildRules = (
			);
			dependencies = (
			);
			name = BuddyBuildSampleProject;
			productName = BuddyBuildSampleProject;
			productReference = 415A85CB1CED367000CF9E4D /* BuddyBuildSampleProject.app */;
			productType = "com.apple.product-type.application";
		};
		415A85DE1CED367000CF9E4D /* BuddyBuildSampleProjectTests */ = {
			isa = PBXNativeTarget;
			buildConfigurationList = 415A85EB1CED367000CF9E4D /* Build configuration list for PBXNativeTarget "BuddyBuildSampleProjectTests" */;
			buildPhases = (
				415A85DB1CED367000CF9E4D /* Sources */,
				415A85DC1CED367000CF9E4D /* Frameworks */,
				415A85DD1CED367000CF9E4D /* Resources */,
			);
			buildRules = (
			);
			dependencies = (
				415A85E11CED367000CF9E4D /* PBXTargetDependency */,
			);
			name = BuddyBuildSampleProjectTests;
			productName = BuddyBuildSampleProjectTests;
			productReference = 415A85DF1CED367000CF9E4D /* BuddyBuildSampleProjectTests.xctest */;
			productType = "com.apple.product-type.bundle.unit-test";
		};
/* End PBXNativeTarget section */

/* Begin PBXProject section */
		415A85C31CED367000CF9E4D /* Project object */ = {
			isa = PBXProject;
			attributes = {
				LastSwiftUpdateCheck = 0730;
				LastUpgradeCheck = 0730;
				ORGANIZATIONNAME = "Clean Swifter";
				TargetAttributes = {
					415A85CA1CED367000CF9E4D = {
						CreatedOnToolsVersion = 7.3.1;
					};
					415A85DE1CED367000CF9E4D = {
						CreatedOnToolsVersion = 7.3.1;
						TestTargetID = 415A85CA1CED367000CF9E4D;
					};
				};
			};
			buildConfigurationList = 415A85C61CED367000CF9E4D /* Build configuration list for PBXProject "BuddyBuildSampleProject" */;
			compatibilityVersion = "Xcode 3.2";
			developmentRegion = English;
			hasScannedForEncodings = 0;
			knownRegions = (
				en,
				Base,
			);
			mainGroup = 415A85C21CED367000CF9E4D;
			productRefGroup = 415A85CC1CED367000CF9E4D /* Products */;
			projectDirPath = "";
			projectRoot = "";
			targets = (
				415A85CA1CED367000CF9E4D /* BuddyBuildSampleProject */,
				415A85DE1CED367000CF9E4D /* BuddyBuildSampleProjectTests */,
			);
		};
/* End PBXProject section */

/* Begin PBXResourcesBuildPhase section */
		415A85C91CED367000CF9E4D /* Resources */ = {
			isa = PBXResourcesBuildPhase;
			buildActionMask = 2147483647;
			files = (
				415A85D91CED367000CF9E4D /* LaunchScreen.storyboard in Resources */,
				415A85D61CED367000CF9E4D /* Assets.xcassets in Resources */,
				415A85D41CED367000CF9E4D /* Main.storyboard in Resources */,
			);
			runOnlyForDeploymentPostprocessing = 0;
		};
		415A85DD1CED367000CF9E4D /* Resources */ = {
			isa = PBXResourcesBuildPhase;
			buildActionMask = 2147483647;
			files = (
			);
			runOnlyForDeploymentPostprocessing = 0;
		};
/* End PBXResourcesBuildPhase section */

/* Begin PBXSourcesBuildPhase section */
		415A85C71CED367000CF9E4D /* Sources */ = {
			isa = PBXSourcesBuildPhase;
			buildActionMask = 2147483647;
			files = (
				415A85D11CED367000CF9E4D /* ViewController.swift in Sources */,
				415A85CF1CED367000CF9E4D /* AppDelegate.swift in Sources */,
			);
			runOnlyForDeploymentPostprocessing = 0;
		};
		415A85DB1CED367000CF9E4D /* Sources */ = {
			isa = PBXSourcesBuildPhase;
			buildActionMask = 2147483647;
			files = (
				415A85E41CED367000CF9E4D /* BuddyBuildSampleProjectTests.swift in Sources */,
			);
			runOnlyForDeploymentPostprocessing = 0;
		};
/* End PBXSourcesBuildPhase section */

/* Begin PBXTargetDependency section */
		415A85E11CED367000CF9E4D /* PBXTargetDependency */ = {
			isa = PBXTargetDependency;
			target = 415A85CA1CED367000CF9E4D /* BuddyBuildSampleProject */;
			targetProxy = 415A85E01CED367000CF9E4D /* PBXContainerItemProxy */;
		};
/* End PBXTargetDependency section */

/* Begin PBXVariantGroup section */
		415A85D21CED367000CF9E4D /* Main.storyboard */ = {
			isa = PBXVariantGroup;
			children = (
				415A85D31CED367000CF9E4D /* Base */,
			);
			name = Main.storyboard;
			sourceTree = "<group>";
		};
		415A85D71CED367000CF9E4D /* LaunchScreen.storyboard */ = {
			isa = PBXVariantGroup;
			children = (
				415A85D81CED367000CF9E4D /* Base */,
			);
			name = LaunchScreen.storyboard;
			sourceTree = "<group>";
		};
/* End PBXVariantGroup section */

/* Begin XCBuildConfiguration section */
		415A85E61CED367000CF9E4D /* Debug */ = {
			isa = XCBuildConfiguration;
			buildSettings = {
				ALWAYS_SEARCH_USER_PATHS = NO;
				CLANG_ANALYZER_NONNULL = YES;
				CLANG_CXX_LANGUAGE_STANDARD = "gnu++0x";
				CLANG_CXX_LIBRARY = "libc++";
				CLANG_ENABLE_MODULES = YES;
				CLANG_ENABLE_OBJC_ARC = YES;
				CLANG_WARN_BOOL_CONVERSION = YES;
				CLANG_WARN_CONSTANT_CONVERSION = YES;
				CLANG_WARN_DIRECT_OBJC_ISA_USAGE = YES_ERROR;
				CLANG_WARN_EMPTY_BODY = YES;
				CLANG_WARN_ENUM_CONVERSION = YES;
				CLANG_WARN_INT_CONVERSION = YES;
				CLANG_WARN_OBJC_ROOT_CLASS = YES_ERROR;
				CLANG_WARN_UNREACHABLE_CODE = YES;
				CLANG_WARN__DUPLICATE_METHOD_MATCH = YES;
				"CODE_SIGN_IDENTITY[sdk=iphoneos*]" = "iPhone Developer";
				COPY_PHASE_STRIP = NO;
				DEBUG_INFORMATION_FORMAT = dwarf;
				ENABLE_STRICT_OBJC_MSGSEND = YES;
				ENABLE_TESTABILITY = YES;
				GCC_C_LANGUAGE_STANDARD = gnu99;
				GCC_DYNAMIC_NO_PIC = NO;
				GCC_NO_COMMON_BLOCKS = YES;
				GCC_OPTIMIZATION_LEVEL = 0;
				GCC_PREPROCESSOR_DEFINITIONS = (
					"DEBUG=1",
					"$(inherited)",
				);
				GCC_WARN_64_TO_32_BIT_CONVERSION = YES;
				GCC_WARN_ABOUT_RETURN_TYPE = YES_ERROR;
				GCC_WARN_UNDECLARED_SELECTOR = YES;
				GCC_WARN_UNINITIALIZED_AUTOS = YES_AGGRESSIVE;
				GCC_WARN_UNUSED_FUNCTION = YES;
				GCC_WARN_UNUSED_VARIABLE = YES;
				IPHONEOS_DEPLOYMENT_TARGET = 9.3;
				MTL_ENABLE_DEBUG_INFO = YES;
				ONLY_ACTIVE_ARCH = YES;
				SDKROOT = iphoneos;
				SWIFT_OPTIMIZATION_LEVEL = "-Onone";
				TARGETED_DEVICE_FAMILY = "1,2";
			};
			name = Debug;
		};
		415A85E71CED367000CF9E4D /* Release */ = {
			isa = XCBuildConfiguration;
			buildSettings = {
				ALWAYS_SEARCH_USER_PATHS = NO;
				CLANG_ANALYZER_NONNULL = YES;
				CLANG_CXX_LANGUAGE_STANDARD = "gnu++0x";
				CLANG_CXX_LIBRARY = "libc++";
				CLANG_ENABLE_MODULES = YES;
				CLANG_ENABLE_OBJC_ARC = YES;
				CLANG_WARN_BOOL_CONVERSION = YES;
				CLANG_WARN_CONSTANT_CONVERSION = YES;
				CLANG_WARN_DIRECT_OBJC_ISA_USAGE = YES_ERROR;
				CLANG_WARN_EMPTY_BODY = YES;
				CLANG_WARN_ENUM_CONVERSION = YES;
				CLANG_WARN_INT_CONVERSION = YES;
				CLANG_WARN_OBJC_ROOT_CLASS = YES_ERROR;
				CLANG_WARN_UNREACHABLE_CODE = YES;
				CLANG_WARN__DUPLICATE_METHOD_MATCH = YES;
				"CODE_SIGN_IDENTITY[sdk=iphoneos*]" = "iPhone Developer";
				COPY_PHASE_STRIP = NO;
				DEBUG_INFORMATION_FORMAT = "dwarf-with-dsym";
				ENABLE_NS_ASSERTIONS = NO;
				ENABLE_STRICT_OBJC_MSGSEND = YES;
				GCC_C_LANGUAGE_STANDARD = gnu99;
				GCC_NO_COMMON_BLOCKS = YES;
				GCC_WARN_64_TO_32_BIT_CONVERSION = YES;
				GCC_WARN_ABOUT_RETURN_TYPE = YES_ERROR;
				GCC_WARN_UNDECLARED_SELECTOR = YES;
				GCC_WARN_UNINITIALIZED_AUTOS = YES_AGGRESSIVE;
				GCC_WARN_UNUSED_FUNCTION = YES;
				GCC_WARN_UNUSED_VARIABLE = YES;
				IPHONEOS_DEPLOYMENT_TARGET = 9.3;
				MTL_ENABLE_DEBUG_INFO = NO;
				SDKROOT = iphoneos;
				TARGETED_DEVICE_FAMILY = "1,2";
				VALIDATE_PRODUCT = YES;
			};
			name = Release;
		};
		415A85E91CED367000CF9E4D /* Debug */ = {
			isa = XCBuildConfiguration;
			buildSettings = {
				ASSETCATALOG_COMPILER_APPICON_NAME = AppIcon;
				INFOPLIST_FILE = BuddyBuildSampleProject/Info.plist;
				LD_RUNPATH_SEARCH_PATHS = "$(inherited) @executable_path/Frameworks";
				PRODUCT_BUNDLE_IDENTIFIER = com.cleanswifter.BuddyBuildSampleProject;
				PRODUCT_NAME = "$(TARGET_NAME)";
			};
			name = Debug;
		};
		415A85EA1CED367000CF9E4D /* Release */ = {
			isa = XCBuildConfiguration;
			buildSettings = {
				ASSETCATALOG_COMPILER_APPICON_NAME = AppIcon;
				INFOPLIST_FILE = BuddyBuildSampleProject/Info.plist;
				LD_RUNPATH_SEARCH_PATHS = "$(inherited) @executable_path/Frameworks";
				PRODUCT_BUNDLE_IDENTIFIER = com.cleanswifter.BuddyBuildSampleProject;
				PRODUCT_NAME = "$(TARGET_NAME)";
			};
			name = Release;
		};
		415A85EC1CED367000CF9E4D /* Debug */ = {
			isa = XCBuildConfiguration;
			buildSettings = {
				BUNDLE_LOADER = "$(TEST_HOST)";
				INFOPLIST_FILE = BuddyBuildSampleProjectTests/Info.plist;
				LD_RUNPATH_SEARCH_PATHS = "$(inherited) @executable_path/Frameworks @loader_path/Frameworks";
				PRODUCT_BUNDLE_IDENTIFIER = com.cleanswifter.BuddyBuildSampleProjectTests;
				PRODUCT_NAME = "$(TARGET_NAME)";
				TEST_HOST = "$(BUILT_PRODUCTS_DIR)/BuddyBuildSampleProject.app/BuddyBuildSampleProject";
			};
			name = Debug;
		};
		415A85ED1CED367000CF9E4D /* Release */ = {
			isa = XCBuildConfiguration;
			buildSettings = {
				BUNDLE_LOADER = "$(TEST_HOST)";
				INFOPLIST_FILE = BuddyBuildSampleProjectTests/Info.plist;
				LD_RUNPATH_SEARCH_PATHS = "$(inherited) @executable_path/Frameworks @loader_path/Frameworks";
				PRODUCT_BUNDLE_IDENTIFIER = com.cleanswifter.BuddyBuildSampleProjectTests;
				PRODUCT_NAME = "$(TARGET_NAME)";
				TEST_HOST = "$(BUILT_PRODUCTS_DIR)/BuddyBuildSampleProject.app/BuddyBuildSampleProject";
			};
			name = Release;
		};
/* End XCBuildConfiguration section */

/* Begin XCConfigurationList section */
		415A85C61CED367000CF9E4D /* Build configuration list for PBXProject "BuddyBuildSampleProject" */ = {
			isa = XCConfigurationList;
			buildConfigurations = (
				415A85E61CED367000CF9E4D /* Debug */,
				415A85E71CED367000CF9E4D /* Release */,
			);
			defaultConfigurationIsVisible = 0;
			defaultConfigurationName = Release;
		};
		415A85E81CED367000CF9E4D /* Build configuration list for PBXNativeTarget "BuddyBuildSampleProject" */ = {
			isa = XCConfigurationList;
			buildConfigurations = (
				415A85E91CED367000CF9E4D /* Debug */,
				415A85EA1CED367000CF9E4D /* Release */,
			);
			defaultConfigurationIsVisible = 0;
		};
		415A85EB1CED367000CF9E4D /* Build configuration list for PBXNativeTarget "BuddyBuildSampleProjectTests" */ = {
			isa = XCConfigurationList;
			buildConfigurations = (
				415A85EC1CED367000CF9E4D /* Debug */,
				415A85ED1CED367000CF9E4D /* Release */,
			);
			defaultConfigurationIsVisible = 0;
		};
/* End XCConfigurationList section */
	};
	rootObject = 415A85C31CED367000CF9E4D /* Project object */;
}
